{
  "nodes": {
    "cachix": {
      "inputs": {
        "devenv": [
          "devenv"
        ],
        "flake-compat": [
          "devenv",
          "flake-compat"
        ],
        "git-hooks": [
          "devenv",
          "git-hooks"
        ],
        "nixpkgs": [
          "devenv",
          "nixpkgs"
        ]
      },
      "locked": {
        "lastModified": 1777487137,
        "narHash": "sha256-TuvKVBX60mqyMT6OB5JqVEh1YIWtFMR/igLCaCdC9tw=",
        "owner": "cachix",
        "repo": "cachix",
        "rev": "a66a440c321d35f7193472c317f42a55ccd1cb93",
        "type": "github"
      },
      "original": {
        "owner": "cachix",
        "ref": "latest",
        "repo": "cachix",
        "type": "github"
      }
    },
    "cerebri_cubs2_definition": {
      "locked": {
        "path": "./nix/project-definitions/cerebri_cubs2",
        "type": "path"
      },
      "original": {
        "path": "./nix/project-definitions/cerebri_cubs2",
        "type": "path"
      },
      "parent": []
    },
    "cerebri_cubs2_source": {
      "flake": false,
      "locked": {
        "lastModified": 1783926607,
        "narHash": "sha256-u2kHoFGGpkuE32sECxapsl0CWhghB7ivXvKg//wjZNw=",
        "owner": "CogniPilot",
        "repo": "cerebri_cubs2",
        "rev": "8c4e2f29928445448ab2bef897d2135d0be8c1ea",
        "type": "github"
      },
      "original": {
        "owner": "CogniPilot",
        "repo": "cerebri_cubs2",
        "rev": "8c4e2f29928445448ab2bef897d2135d0be8c1ea",
        "type": "github"
      }
    },
    "cerebri_modules_definition": {
      "locked": {
        "path": "./nix/project-definitions/cerebri_modules",
        "type": "path"
      },
      "original": {
        "path": "./nix/project-definitions/cerebri_modules",
        "type": "path"
      },
      "parent": []
    },
    "cerebri_modules_source": {
      "flake": false,
      "locked": {
        "lastModified": 1783788356,
        "narHash": "sha256-r14sL4UCYm0YLyzAabhCmIQTl8JupVoQou4JrAsh1WQ=",
        "owner": "CogniPilot",
        "repo": "cerebri_modules",
        "rev": "ef73a4f8adeb4385c34af4344c9af27e43e02033",
        "type": "github"
      },
      "original": {
        "owner": "CogniPilot",
        "repo": "cerebri_modules",
        "rev": "ef73a4f8adeb4385c34af4344c9af27e43e02033",
        "type": "github"
      }
    },
    "cerebri_rdd2_definition": {
      "locked": {
        "path": "./nix/project-definitions/cerebri_rdd2",
        "type": "path"
      },
      "original": {
        "path": "./nix/project-definitions/cerebri_rdd2",
        "type": "path"
      },
      "parent": []
    },
    "cerebri_rdd2_source": {
      "flake": false,
      "locked": {
        "lastModified": 1783926607,
        "narHash": "sha256-7KpShugmH1TnCabZ7sOv/u/5A2onJ1pBtrdKh6leBiA=",
        "owner": "CogniPilot",
        "repo": "cerebri_rdd2",
        "rev": "10bb0de2b443d3292b50e2b7ccccfe73e9192184",
        "type": "github"
      },
      "original": {
        "owner": "CogniPilot",
        "repo": "cerebri_rdd2",
        "rev": "10bb0de2b443d3292b50e2b7ccccfe73e9192184",
        "type": "github"
      }
    },
    "crate2nix": {
      "flake": false,
      "locked": {
        "lastModified": 1772186516,
        "narHash": "sha256-8s28pzmQ6TOIUzznwFibtW1CMieMUl1rYJIxoQYor58=",
        "owner": "rossng",
        "repo": "crate2nix",
        "rev": "ba5dd398e31ee422fbe021767eb83b0650303a6e",
        "type": "github"
      },
      "original": {
        "owner": "rossng",
        "repo": "crate2nix",
        "rev": "ba5dd398e31ee422fbe021767eb83b0650303a6e",
        "type": "github"
      }
    },
    "csyn_definition": {
      "locked": {
        "path": "./nix/project-definitions/csyn",
        "type": "path"
      },
      "original": {
        "path": "./nix/project-definitions/csyn",
        "type": "path"
      },
      "parent": []
    },
    "csyn_ros2_bridge_definition": {
      "locked": {
        "path": "./nix/project-definitions/csyn_ros2_bridge",
        "type": "path"
      },
      "original": {
        "path": "./nix/project-definitions/csyn_ros2_bridge",
        "type": "path"
      },
      "parent": []
    },
    "csyn_ros2_bridge_source": {
      "flake": false,
      "locked": {
        "lastModified": 1783732149,
        "narHash": "sha256-5slEvt4NGPoHAN7eGG1eTHyOWzf+ipOMqV47mtIEKY8=",
        "ref": "refs/heads/main",
        "rev": "e709f66869dc7ea90dcf48cc4e800c0613eb4d4e",
        "revCount": 3,
        "submodules": true,
        "type": "git",
        "url": "https://github.com/CogniPilot/csyn_ros2_bridge.git"
      },
      "original": {
        "rev": "e709f66869dc7ea90dcf48cc4e800c0613eb4d4e",
        "submodules": true,
        "type": "git",
        "url": "https://github.com/CogniPilot/csyn_ros2_bridge.git"
      }
    },
    "csyn_source": {
      "flake": false,
      "locked": {
        "lastModified": 1783900529,
        "narHash": "sha256-JQyGl6RNX0g4p+hjufMqlRngXJEGrRzuk2QRX9tfcqQ=",
        "owner": "CogniPilot",
        "repo": "csyn",
        "rev": "46debf42bb2b310c00ed5723f61989f1a2705634",
        "type": "github"
      },
      "original": {
        "owner": "CogniPilot",
        "repo": "csyn",
        "rev": "46debf42bb2b310c00ed5723f61989f1a2705634",
        "type": "github"
      }
    },
    "devenv": {
      "inputs": {
        "cachix": "cachix",
        "crate2nix": "crate2nix",
        "flake-compat": "flake-compat",
        "flake-parts": [
          "flake-parts"
        ],
        "ghostty": "ghostty",
        "git-hooks": "git-hooks",
        "nix": "nix",
        "nixd": "nixd",
        "nixpkgs": [
          "nixpkgs"
        ],
        "rust-overlay": "rust-overlay"
      },
      "locked": {
        "lastModified": 1783911906,
        "narHash": "sha256-VKpbIaPO4OkONY88DQHD/nOPSkV6o4wWMra7E4faaXU=",
        "owner": "cachix",
        "repo": "devenv",
        "rev": "407080febcc800abfd0fd688a0d513884aad620c",
        "type": "github"
      },
      "original": {
        "owner": "cachix",
        "repo": "devenv",
        "rev": "407080febcc800abfd0fd688a0d513884aad620c",
        "type": "github"
      }
    },
    "devenv-root": {
      "flake": false,
      "locked": {
        "narHash": "sha256-d6xi4mKdjkX2JFicDIv5niSzpyI0m/Hnm8GGAIU04kY=",
        "type": "file",
        "url": "file:///dev/null"
      },
      "original": {
        "type": "file",
        "url": "file:///dev/null"
      }
    },
    "electrode_web_definition": {
      "locked": {
        "path": "./nix/project-definitions/electrode_web",
        "type": "path"
      },
      "original": {
        "path": "./nix/project-definitions/electrode_web",
        "type": "path"
      },
      "parent": []
    },
    "electrode_web_source": {
      "flake": false,
      "locked": {
        "lastModified": 1783926607,
        "narHash": "sha256-6SrmexFEe2syihHRdDSXpWRvGaPj90fPSDsi9D9JyoI=",
        "owner": "CogniPilot",
        "repo": "electrode_web",
        "rev": "bda10981cddd91ba12c216df67d34081fa21730b",
        "type": "github"
      },
      "original": {
        "owner": "CogniPilot",
        "repo": "electrode_web",
        "rev": "bda10981cddd91ba12c216df67d34081fa21730b",
        "type": "github"
      }
    },
    "fastdyn_definition": {
      "locked": {
        "path": "./nix/project-definitions/fastdyn",
        "type": "path"
      },
      "original": {
        "path": "./nix/project-definitions/fastdyn",
        "type": "path"
      },
      "parent": []
    },
    "fastdyn_source": {
      "flake": false,
      "locked": {
        "lastModified": 1783965353,
        "narHash": "sha256-QbOcx8M00yfNok0iPZQ1Avh6eUg5G/SNK7IKELZnn+k=",
        "ref": "refs/heads/main",
        "rev": "376ad4e3adc2085e02837a2d38c2472b52f5ea98",
        "revCount": 526,
        "type": "git",
        "url": "https://github.com/jgoppert/FastDyn.git"
      },
      "original": {
        "rev": "376ad4e3adc2085e02837a2d38c2472b52f5ea98",
        "type": "git",
        "url": "https://github.com/jgoppert/FastDyn.git"
      }
    },
    "flake-compat": {
      "flake": false,
      "locked": {
        "lastModified": 1767039857,
        "narHash": "sha256-vNpUSpF5Nuw8xvDLj2KCwwksIbjua2LZCqhV1LNRDns=",
        "owner": "edolstra",
        "repo": "flake-compat",
        "rev": "5edf11c44bc78a0d334f6334cdaf7d60d732daab",
        "type": "github"
      },
      "original": {
        "owner": "edolstra",
        "repo": "flake-compat",
        "type": "github"
      }
    },
    "flake-parts": {
      "inputs": {
        "nixpkgs-lib": [
          "nixpkgs"
        ]
      },
      "locked": {
        "lastModified": 1782949081,
        "narHash": "sha256-vp6Y/Grm98ESt6ceOkWiHWyZRDV3J1RID4w+6NWK9yA=",
        "owner": "hercules-ci",
        "repo": "flake-parts",
        "rev": "17c9d6cdfc60c64f4ee8d306f9bc0b4ccb51481e",
        "type": "github"
      },
      "original": {
        "owner": "hercules-ci",
        "repo": "flake-parts",
        "type": "github"
      }
    },
    "ghostty": {
      "flake": false,
      "locked": {
        "lastModified": 1782866021,
        "narHash": "sha256-BOLtzL5iAHmtCOg9/DXtcfw+K86QWol088K72chJB04=",
        "owner": "ghostty-org",
        "repo": "ghostty",
        "rev": "e1d31deaaed21aa9225afca78d778fb373c95852",
        "type": "github"
      },
      "original": {
        "owner": "ghostty-org",
        "repo": "ghostty",
        "type": "github"
      }
    },
    "git-hooks": {
      "inputs": {
        "flake-compat": [
          "devenv",
          "flake-compat"
        ],
        "nixpkgs": [
          "devenv",
          "nixpkgs"
        ]
      },
      "locked": {
        "lastModified": 1782908218,
        "narHash": "sha256-wLMOrPgVyeF3XmP+qfYcLqnVdTxikdcSvbIY7rA9jTA=",
        "owner": "cachix",
        "repo": "git-hooks.nix",
        "rev": "9f7e99119ece7705299595299f3b031f39356de1",
        "type": "github"
      },
      "original": {
        "owner": "cachix",
        "repo": "git-hooks.nix",
        "type": "github"
      }
    },
    "modelica_models_definition": {
      "locked": {
        "path": "./nix/project-definitions/modelica_models",
        "type": "path"
      },
      "original": {
        "path": "./nix/project-definitions/modelica_models",
        "type": "path"
      },
      "parent": []
    },
    "modelica_models_source": {
      "flake": false,
      "locked": {
        "lastModified": 1783779274,
        "narHash": "sha256-I7msdt+w1gHBGkzx7igJs27x9n1k0+fa84dNe2oK8qw=",
        "owner": "CogniPilot",
        "repo": "modelica_models",
        "rev": "8e0c1ddd0a48e2a7106f6b79137d4a04fcc94b37",
        "type": "github"
      },
      "original": {
        "owner": "CogniPilot",
        "repo": "modelica_models",
        "rev": "8e0c1ddd0a48e2a7106f6b79137d4a04fcc94b37",
        "type": "github"
      }
    },
    "nix": {
      "inputs": {
        "flake-compat": [
          "devenv",
          "flake-compat"
        ],
        "flake-parts": [
          "devenv",
          "flake-parts"
        ],
        "git-hooks-nix": [
          "devenv",
          "git-hooks"
        ],
        "nixpkgs": [
          "devenv",
          "nixpkgs"
        ],
        "nixpkgs-23-11": [
          "devenv"
        ],
        "nixpkgs-regression": [
          "devenv"
        ]
      },
      "locked": {
        "lastModified": 1782407171,
        "narHash": "sha256-xem+4ncdQCTFJsQ4PrVuyVmi3j4w/Yqg298hBUzVejA=",
        "owner": "cachix",
        "repo": "nix",
        "rev": "782ac1b155679b065ec945ae50d0fa1d495883b7",
        "type": "github"
      },
      "original": {
        "owner": "cachix",
        "ref": "devenv-2.34",
        "repo": "nix",
        "type": "github"
      }
    },
    "nixd": {
      "inputs": {
        "flake-parts": [
          "devenv",
          "flake-parts"
        ],
        "nixpkgs": [
          "devenv",
          "nixpkgs"
        ],
        "treefmt-nix": "treefmt-nix"
      },
      "locked": {
        "lastModified": 1780381423,
        "narHash": "sha256-S1BIJiQF4lRtJUKak0e97JwNvbe69/LW78YJJuB18Qk=",
        "owner": "nix-community",
        "repo": "nixd",
        "rev": "0e07c08c448a2995e7793d1098437b29bbe80b02",
        "type": "github"
      },
      "original": {
        "owner": "nix-community",
        "repo": "nixd",
        "type": "github"
      }
    },
    "nixpkgs": {
      "locked": {
        "lastModified": 1783776592,
        "narHash": "sha256-UgCQzxeWI75XM8G+hPrPh+MKzEPjG3SpAj7dtqSbksA=",
        "owner": "NixOS",
        "repo": "nixpkgs",
        "rev": "e7a3ca8092b61ff85b6a45bf863ea2b2d6a661b3",
        "type": "github"
      },
      "original": {
        "owner": "NixOS",
        "ref": "nixos-unstable",
        "repo": "nixpkgs",
        "type": "github"
      }
    },
    "qualisys_rust_sdk_definition": {
      "locked": {
        "path": "./nix/project-definitions/qualisys_rust_sdk",
        "type": "path"
      },
      "original": {
        "path": "./nix/project-definitions/qualisys_rust_sdk",
        "type": "path"
      },
      "parent": []
    },
    "qualisys_rust_sdk_source": {
      "flake": false,
      "locked": {
        "lastModified": 1783584598,
        "narHash": "sha256-lr9MY0b1WUR2XGLxhH6HLJSuLINNHZjnrb9m8n5elic=",
        "owner": "CogniPilot",
        "repo": "qualisys_rust_sdk",
        "rev": "a8ed1ac40bfb3007828cb581c8631fd6f79b2f9d",
        "type": "github"
      },
      "original": {
        "owner": "CogniPilot",
        "repo": "qualisys_rust_sdk",
        "rev": "a8ed1ac40bfb3007828cb581c8631fd6f79b2f9d",
        "type": "github"
      }
    },
    "root": {
      "inputs": {
        "cerebri_cubs2_definition": "cerebri_cubs2_definition",
        "cerebri_cubs2_source": "cerebri_cubs2_source",
        "cerebri_modules_definition": "cerebri_modules_definition",
        "cerebri_modules_source": "cerebri_modules_source",
        "cerebri_rdd2_definition": "cerebri_rdd2_definition",
        "cerebri_rdd2_source": "cerebri_rdd2_source",
        "csyn_definition": "csyn_definition",
        "csyn_ros2_bridge_definition": "csyn_ros2_bridge_definition",
        "csyn_ros2_bridge_source": "csyn_ros2_bridge_source",
        "csyn_source": "csyn_source",
        "devenv": "devenv",
        "devenv-root": "devenv-root",
        "electrode_web_definition": "electrode_web_definition",
        "electrode_web_source": "electrode_web_source",
        "fastdyn_definition": "fastdyn_definition",
        "fastdyn_source": "fastdyn_source",
        "flake-parts": "flake-parts",
        "modelica_models_definition": "modelica_models_definition",
        "modelica_models_source": "modelica_models_source",
        "nixpkgs": "nixpkgs",
        "qualisys_rust_sdk_definition": "qualisys_rust_sdk_definition",
        "qualisys_rust_sdk_source": "qualisys_rust_sdk_source",
        "rumoca_definition": "rumoca_definition",
        "rumoca_source": "rumoca_source",
        "synapse_fbs_definition": "synapse_fbs_definition",
        "synapse_fbs_source": "synapse_fbs_source",
        "synapse_ppm_bridge_definition": "synapse_ppm_bridge_definition",
        "synapse_ppm_bridge_source": "synapse_ppm_bridge_source",
        "synapse_qualisys_bridge_definition": "synapse_qualisys_bridge_definition",
        "synapse_qualisys_bridge_source": "synapse_qualisys_bridge_source",
        "zros_definition": "zros_definition",
        "zros_drivers_definition": "zros_drivers_definition",
        "zros_drivers_source": "zros_drivers_source",
        "zros_source": "zros_source"
      }
    },
    "rumoca_definition": {
      "locked": {
        "path": "./nix/project-definitions/rumoca",
        "type": "path"
      },
      "original": {
        "path": "./nix/project-definitions/rumoca",
        "type": "path"
      },
      "parent": []
    },
    "rumoca_source": {
      "flake": false,
      "locked": {
        "lastModified": 1783930163,
        "narHash": "sha256-EvweSgg+dR/xT0iZxwHeHYDQvQg0IPZAdY9LukhAgN4=",
        "owner": "CogniPilot",
        "repo": "rumoca",
        "rev": "25ca822383954db4e71d2e522b56a81f0f3a6161",
        "type": "github"
      },
      "original": {
        "owner": "CogniPilot",
        "repo": "rumoca",
        "rev": "25ca822383954db4e71d2e522b56a81f0f3a6161",
        "type": "github"
      }
    },
    "rust-overlay": {
      "inputs": {
        "nixpkgs": [
          "devenv",
          "nixpkgs"
        ]
      },
      "locked": {
        "lastModified": 1782875958,
        "narHash": "sha256-5eqDcnBjb1424HRQdnhuhNOBZguq1Z2tqSa2OMF/m2c=",
        "owner": "oxalica",
        "repo": "rust-overlay",
        "rev": "13139aefa973f3d96c60c0fbab801de058ae25ca",
        "type": "github"
      },
      "original": {
        "owner": "oxalica",
        "repo": "rust-overlay",
        "type": "github"
      }
    },
    "synapse_fbs_definition": {
      "locked": {
        "path": "./nix/project-definitions/synapse_fbs",
        "type": "path"
      },
      "original": {
        "path": "./nix/project-definitions/synapse_fbs",
        "type": "path"
      },
      "parent": []
    },
    "synapse_fbs_source": {
      "flake": false,
      "locked": {
        "lastModified": 1783883318,
        "narHash": "sha256-4G/8xBIk5nqNaVRYWbUIklTIgkh4Qg9hrCDyV9s/Cv8=",
        "owner": "CogniPilot",
        "repo": "synapse_fbs",
        "rev": "f6efaadf1a1cf0c48608b9b104b578da51322979",
        "type": "github"
      },
      "original": {
        "owner": "CogniPilot",
        "repo": "synapse_fbs",
        "rev": "f6efaadf1a1cf0c48608b9b104b578da51322979",
        "type": "github"
      }
    },
    "synapse_ppm_bridge_definition": {
      "inputs": {
        "nixpkgs": [
          "nixpkgs"
        ],
        "source": [
          "synapse_ppm_bridge_source"
        ]
      },
      "locked": {
        "path": "./nix/project-definitions/synapse_ppm_bridge",
        "type": "path"
      },
      "original": {
        "path": "./nix/project-definitions/synapse_ppm_bridge",
        "type": "path"
      },
      "parent": []
    },
    "synapse_ppm_bridge_source": {
      "flake": false,
      "locked": {
        "lastModified": 1782672947,
        "narHash": "sha256-fmvBpXCCw4C/nnqZbIwexzyQ+ew4qvS4PVwuLImegUA=",
        "owner": "CogniPilot",
        "repo": "synapse_ppm_bridge",
        "rev": "5fb6919e100f899cc7a029d6f71c06d1c9b89b16",
        "type": "github"
      },
      "original": {
        "owner": "CogniPilot",
        "repo": "synapse_ppm_bridge",
        "rev": "5fb6919e100f899cc7a029d6f71c06d1c9b89b16",
        "type": "github"
      }
    },
    "synapse_qualisys_bridge_definition": {
      "locked": {
        "path": "./nix/project-definitions/synapse_qualisys_bridge",
        "type": "path"
      },
      "original": {
        "path": "./nix/project-definitions/synapse_qualisys_bridge",
        "type": "path"
      },
      "parent": []
    },
    "synapse_qualisys_bridge_source": {
      "flake": false,
      "locked": {
        "lastModified": 1783801509,
        "narHash": "sha256-eOAPOGG3CqoZpscTzywsCpvr+mLD15gm5OrGHhKEMak=",
        "owner": "CogniPilot",
        "repo": "synapse_qualisys_bridge",
        "rev": "4017e56ed132fd8527d5386fe208d7927c6c9bef",
        "type": "github"
      },
      "original": {
        "owner": "CogniPilot",
        "repo": "synapse_qualisys_bridge",
        "rev": "4017e56ed132fd8527d5386fe208d7927c6c9bef",
        "type": "github"
      }
    },
    "treefmt-nix": {
      "inputs": {
        "nixpkgs": [
          "devenv",
          "nixd",
          "nixpkgs"
        ]
      },
      "locked": {
        "lastModified": 1780220602,
        "narHash": "sha256-eynAfOmbmxJnkp7YewvCEbShNnnYJ9gLLqkzsYtBPeM=",
        "owner": "numtide",
        "repo": "treefmt-nix",
        "rev": "db947814a175b7ca6ded66e21383d938df01c227",
        "type": "github"
      },
      "original": {
        "owner": "numtide",
        "repo": "treefmt-nix",
        "type": "github"
      }
    },
    "zros_definition": {
      "locked": {
        "path": "./nix/project-definitions/zros",
        "type": "path"
      },
      "original": {
        "path": "./nix/project-definitions/zros",
        "type": "path"
      },
      "parent": []
    },
    "zros_drivers_definition": {
      "locked": {
        "path": "./nix/project-definitions/zros_drivers",
        "type": "path"
      },
      "original": {
        "path": "./nix/project-definitions/zros_drivers",
        "type": "path"
      },
      "parent": []
    },
    "zros_drivers_source": {
      "flake": false,
      "locked": {
        "lastModified": 1767757139,
        "narHash": "sha256-yXLhlWWqkmlfl6B3b+qhNEDldrvcBP5aN5GqwUGD1Ns=",
        "owner": "CogniPilot",
        "repo": "zros_drivers",
        "rev": "e0b37b4ae5f03f9bc985bf6f00fce2aee16b8e84",
        "type": "github"
      },
      "original": {
        "owner": "CogniPilot",
        "repo": "zros_drivers",
        "rev": "e0b37b4ae5f03f9bc985bf6f00fce2aee16b8e84",
        "type": "github"
      }
    },
    "zros_source": {
      "flake": false,
      "locked": {
        "lastModified": 1774820691,
        "narHash": "sha256-inSrzeXF4yBsSxEfBXvewEfZtQNZVs9b4OZ35neZ4Pc=",
        "owner": "CogniPilot",
        "repo": "zros",
        "rev": "32df0f27ef2fac9e30d48e9a78ddf0c9f45dfe9c",
        "type": "github"
      },
      "original": {
        "owner": "CogniPilot",
        "repo": "zros",
        "rev": "32df0f27ef2fac9e30d48e9a78ddf0c9f45dfe9c",
        "type": "github"
      }
    }
  },
  "root": "root",
  "version": 7
}
