{
  "version": 7,
  "root": "root",
  "nodes": {
    "root": {
      "inputs": {
        "codegen-source": "codegen-source",
        "flight-source": "flight-source"
      }
    },
    "codegen-source": {
      "flake": false,
      "locked": {
        "narHash": "sha256-AAAAAAAAAAAAAAAAAAAAAAAAAAAAAAAAAAAAAAAAAAA=",
        "owner": "ExampleRobotics",
        "repo": "codegen",
        "rev": "1111111111111111111111111111111111111111",
        "type": "github"
      },
      "original": {
        "owner": "ExampleRobotics",
        "repo": "codegen",
        "type": "github"
      }
    },
    "flight-source": {
      "flake": false,
      "locked": {
        "narHash": "sha256-BBBBBBBBBBBBBBBBBBBBBBBBBBBBBBBBBBBBBBBBBBB=",
        "owner": "ExampleRobotics",
        "repo": "flight",
        "rev": "2222222222222222222222222222222222222222",
        "type": "github"
      },
      "original": {
        "owner": "ExampleRobotics",
        "ref": "develop",
        "repo": "flight",
        "type": "github"
      }
    }
  }
}
